
Microsoft Visual Studio Solution File, Format Version 12.00
# Visual Studio Version 16
VisualStudioVersion = 16.0.31205.134
MinimumVisualStudioVersion = 10.0.40219.1
Project("{FAE04EC0-301F-11D3-BF4B-00C04F79EFBC}") = "EmployeePayrollMultiThreading", "EmployeePayrollMultiThreading\EmployeePayrollMultiThreading.csproj", "{35C5CCFF-383A-43CB-A24F-C4094F4F8F36}"
EndProject
Project("{FAE04EC0-301F-11D3-BF4B-00C04F79EFBC}") = "EmployeeMultithreadingTest", "EmployeeMultithreadingTest\EmployeeMultithreadingTest.csproj", "{F5A91C48-0A28-445D-B255-127E37F723F0}"
EndProject
Global
	GlobalSection(SolutionConfigurationPlatforms) = preSolution
		Debug|Any CPU = Debug|Any CPU
		Release|Any CPU = Release|Any CPU
	EndGlobalSection
	GlobalSection(ProjectConfigurationPlatforms) = postSolution
		{35C5CCFF-383A-43CB-A24F-C4094F4F8F36}.Debug|Any CPU.ActiveCfg = Debug|Any CPU
		{35C5CCFF-383A-43CB-A24F-C4094F4F8F36}.Debug|Any CPU.Build.0 = Debug|Any CPU
		{35C5CCFF-383A-43CB-A24F-C4094F4F8F36}.Release|Any CPU.ActiveCfg = Release|Any CPU
		{35C5CCFF-383A-43CB-A24F-C4094F4F8F36}.Release|Any CPU.Build.0 = Release|Any CPU
		{F5A91C48-0A28-445D-B255-127E37F723F0}.Debug|Any CPU.ActiveCfg = Debug|Any CPU
		{F5A91C48-0A28-445D-B255-127E37F723F0}.Debug|Any CPU.Build.0 = Debug|Any CPU
		{F5A91C48-0A28-445D-B255-127E37F723F0}.Release|Any CPU.ActiveCfg = Release|Any CPU
		{F5A91C48-0A28-445D-B255-127E37F723F0}.Release|Any CPU.Build.0 = Release|Any CPU
	EndGlobalSection
	GlobalSection(SolutionProperties) = preSolution
		HideSolutionNode = FALSE
	EndGlobalSection
	GlobalSection(ExtensibilityGlobals) = postSolution
		SolutionGuid = {FB1F4394-EB5B-4120-B223-0464DFDC3D07}
	EndGlobalSection
EndGlobal
